
Microsoft Visual Studio Solution File, Format Version 11.00
# Visual Studio 2010
Project("{F184B08F-C81C-45F6-A57F-5ABD9991F28F}") = "Settings", "Settings\Settings.vbproj", "{ACCF1E5B-047D-4492-B6CF-0C094FD5A054}"
EndProject
Global
	GlobalSection(SolutionConfigurationPlatforms) = preSolution
		Debug|x86 = Debug|x86
		Release|x86 = Release|x86
	EndGlobalSection
	GlobalSection(ProjectConfigurationPlatforms) = postSolution
		{ACCF1E5B-047D-4492-B6CF-0C094FD5A054}.Debug|x86.ActiveCfg = Debug|x86
		{ACCF1E5B-047D-4492-B6CF-0C094FD5A054}.Debug|x86.Build.0 = Debug|x86
		{ACCF1E5B-047D-4492-B6CF-0C094FD5A054}.Release|x86.ActiveCfg = Release|x86
		{ACCF1E5B-047D-4492-B6CF-0C094FD5A054}.Release|x86.Build.0 = Release|x86
	EndGlobalSection
	GlobalSection(SolutionProperties) = preSolution
		HideSolutionNode = FALSE
	EndGlobalSection
EndGlobal
